
Microsoft Visual Studio Solution File, Format Version 12.00
# Visual Studio 14
VisualStudioVersion = 14.0.25420.1
MinimumVisualStudioVersion = 10.0.40219.1
Project("{FAE04EC0-301F-11D3-BF4B-00C04F79EFBC}") = "SAS.TOOLS.DTO", "SAS.TOOLS.DTO\SAS.TOOLS.DTO.csproj", "{EB0DBE44-6760-4AE9-A2D5-76E5157D67DD}"
EndProject
Project("{FAE04EC0-301F-11D3-BF4B-00C04F79EFBC}") = "SAS.TOOLS.INTERFACES", "SAS.TOOLS.INTERFACES\SAS.TOOLS.INTERFACES.csproj", "{8DC22001-AD62-4285-9963-5316144169ED}"
EndProject
Project("{FAE04EC0-301F-11D3-BF4B-00C04F79EFBC}") = "SAS.TOOLS.MAPPERS", "SAS.TOOLS.MAPPERS\SAS.TOOLS.MAPPERS.csproj", "{37D8D067-E913-4C6F-AFEB-864052370DD5}"
EndProject
Project("{FAE04EC0-301F-11D3-BF4B-00C04F79EFBC}") = "SAS.TOOLS.DA", "SAS.TOOLS.DA\SAS.TOOLS.DA.csproj", "{613829FF-5D6D-4B08-A507-54665465301A}"
EndProject
Project("{FAE04EC0-301F-11D3-BF4B-00C04F79EFBC}") = "SAS.TOOLS.WCF", "SAS.TOOLS.WCF\SAS.TOOLS.WCF.csproj", "{0B4BE650-F638-4F49-A6E5-60738D8BDC40}"
EndProject
Project("{FAE04EC0-301F-11D3-BF4B-00C04F79EFBC}") = "SAS.TOOLS.WEB", "SAS.TOOLS.WEB\SAS.TOOLS.WEB.csproj", "{3D9E87B4-338C-4BA9-9CBB-0E5030C47BA1}"
EndProject
Project("{FAE04EC0-301F-11D3-BF4B-00C04F79EFBC}") = "SAS.TOOLS.REPOSITORY", "SAS.TOOLS.REPOSITORY\SAS.TOOLS.REPOSITORY.csproj", "{B90EE89D-6263-42EE-9CD3-2B515A9D6E2C}"
EndProject
Project("{FAE04EC0-301F-11D3-BF4B-00C04F79EFBC}") = "SAS.TOOLS.WEB.USUARIOS.TEST", "SAS.TOOLS.WEB.USUARIOS.TEST\SAS.TOOLS.WEB.USUARIOS.TEST.csproj", "{A03C37CE-C092-4BE2-BB81-703FB0589716}"
EndProject
Global
	GlobalSection(SolutionConfigurationPlatforms) = preSolution
		Debug|Any CPU = Debug|Any CPU
		Release|Any CPU = Release|Any CPU
	EndGlobalSection
	GlobalSection(ProjectConfigurationPlatforms) = postSolution
		{EB0DBE44-6760-4AE9-A2D5-76E5157D67DD}.Debug|Any CPU.ActiveCfg = Debug|Any CPU
		{EB0DBE44-6760-4AE9-A2D5-76E5157D67DD}.Debug|Any CPU.Build.0 = Debug|Any CPU
		{EB0DBE44-6760-4AE9-A2D5-76E5157D67DD}.Release|Any CPU.ActiveCfg = Release|Any CPU
		{EB0DBE44-6760-4AE9-A2D5-76E5157D67DD}.Release|Any CPU.Build.0 = Release|Any CPU
		{8DC22001-AD62-4285-9963-5316144169ED}.Debug|Any CPU.ActiveCfg = Debug|Any CPU
		{8DC22001-AD62-4285-9963-5316144169ED}.Debug|Any CPU.Build.0 = Debug|Any CPU
		{8DC22001-AD62-4285-9963-5316144169ED}.Release|Any CPU.ActiveCfg = Release|Any CPU
		{8DC22001-AD62-4285-9963-5316144169ED}.Release|Any CPU.Build.0 = Release|Any CPU
		{37D8D067-E913-4C6F-AFEB-864052370DD5}.Debug|Any CPU.ActiveCfg = Debug|Any CPU
		{37D8D067-E913-4C6F-AFEB-864052370DD5}.Debug|Any CPU.Build.0 = Debug|Any CPU
		{37D8D067-E913-4C6F-AFEB-864052370DD5}.Release|Any CPU.ActiveCfg = Release|Any CPU
		{37D8D067-E913-4C6F-AFEB-864052370DD5}.Release|Any CPU.Build.0 = Release|Any CPU
		{613829FF-5D6D-4B08-A507-54665465301A}.Debug|Any CPU.ActiveCfg = Debug|Any CPU
		{613829FF-5D6D-4B08-A507-54665465301A}.Debug|Any CPU.Build.0 = Debug|Any CPU
		{613829FF-5D6D-4B08-A507-54665465301A}.Release|Any CPU.ActiveCfg = Release|Any CPU
		{613829FF-5D6D-4B08-A507-54665465301A}.Release|Any CPU.Build.0 = Release|Any CPU
		{0B4BE650-F638-4F49-A6E5-60738D8BDC40}.Debug|Any CPU.ActiveCfg = Debug|Any CPU
		{0B4BE650-F638-4F49-A6E5-60738D8BDC40}.Debug|Any CPU.Build.0 = Debug|Any CPU
		{0B4BE650-F638-4F49-A6E5-60738D8BDC40}.Release|Any CPU.ActiveCfg = Release|Any CPU
		{0B4BE650-F638-4F49-A6E5-60738D8BDC40}.Release|Any CPU.Build.0 = Release|Any CPU
		{3D9E87B4-338C-4BA9-9CBB-0E5030C47BA1}.Debug|Any CPU.ActiveCfg = Debug|Any CPU
		{3D9E87B4-338C-4BA9-9CBB-0E5030C47BA1}.Debug|Any CPU.Build.0 = Debug|Any CPU
		{3D9E87B4-338C-4BA9-9CBB-0E5030C47BA1}.Release|Any CPU.ActiveCfg = Release|Any CPU
		{3D9E87B4-338C-4BA9-9CBB-0E5030C47BA1}.Release|Any CPU.Build.0 = Release|Any CPU
		{B90EE89D-6263-42EE-9CD3-2B515A9D6E2C}.Debug|Any CPU.ActiveCfg = Debug|Any CPU
		{B90EE89D-6263-42EE-9CD3-2B515A9D6E2C}.Debug|Any CPU.Build.0 = Debug|Any CPU
		{B90EE89D-6263-42EE-9CD3-2B515A9D6E2C}.Release|Any CPU.ActiveCfg = Release|Any CPU
		{B90EE89D-6263-42EE-9CD3-2B515A9D6E2C}.Release|Any CPU.Build.0 = Release|Any CPU
		{A03C37CE-C092-4BE2-BB81-703FB0589716}.Debug|Any CPU.ActiveCfg = Debug|Any CPU
		{A03C37CE-C092-4BE2-BB81-703FB0589716}.Debug|Any CPU.Build.0 = Debug|Any CPU
		{A03C37CE-C092-4BE2-BB81-703FB0589716}.Release|Any CPU.ActiveCfg = Release|Any CPU
		{A03C37CE-C092-4BE2-BB81-703FB0589716}.Release|Any CPU.Build.0 = Release|Any CPU
	EndGlobalSection
	GlobalSection(SolutionProperties) = preSolution
		HideSolutionNode = FALSE
	EndGlobalSection
EndGlobal
